Microsoft Visual Studio Solution File, Format Version 12.00
# Visual Studio Version 17
VisualStudioVersion = 17.5.2.0
MinimumVisualStudioVersion = 10.0.40219.1
Project("{FAE04EC0-301F-11D3-BF4B-00C04F79EFBC}") = "Ordo", "Ordo\Ordo.csproj", "{C3276CB5-8E20-790A-8011-2BE524F8A76C}"
EndProject
Global
	GlobalSection(SolutionConfigurationPlatforms) = preSolution
		Debug|Any CPU = Debug|Any CPU
		Release|Any CPU = Release|Any CPU
	EndGlobalSection
	GlobalSection(ProjectConfigurationPlatforms) = postSolution
		{C3276CB5-8E20-790A-8011-2BE524F8A76C}.Debug|Any CPU.ActiveCfg = Debug|Any CPU
		{C3276CB5-8E20-790A-8011-2BE524F8A76C}.Debug|Any CPU.Build.0 = Debug|Any CPU
		{C3276CB5-8E20-790A-8011-2BE524F8A76C}.Release|Any CPU.ActiveCfg = Release|Any CPU
		{C3276CB5-8E20-790A-8011-2BE524F8A76C}.Release|Any CPU.Build.0 = Release|Any CPU
	EndGlobalSection
	GlobalSection(SolutionProperties) = preSolution
		HideSolutionNode = FALSE
	EndGlobalSection
	GlobalSection(ExtensibilityGlobals) = postSolution
		SolutionGuid = {9E9F8BE8-F27F-4945-9677-F5D96F418AD8}
	EndGlobalSection
EndGlobal
